// !$*UTF8*$!
{
	archiveVersion = 1;
	classes = {
	};
	objectVersion = 46;
	objects = {

/* Begin PBXBuildFile section */
		D26869B81AC1F53C0047FCED /* AppDelegate.swift in Sources */ = {isa = PBXBuildFile; fileRef = D26869B71AC1F53C0047FCED /* AppDelegate.swift */; };
		D26869BA1AC1F53C0047FCED /* ViewController.swift in Sources */ = {isa = PBXBuildFile; fileRef = D26869B91AC1F53C0047FCED /* ViewController.swift */; };
		D26869BD1AC1F53C0047FCED /* Main.storyboard in Resources */ = {isa = PBXBuildFile; fileRef = D26869BB1AC1F53C0047FCED /* Main.storyboard */; };
		D26869BF1AC1F53C0047FCED /* Images.xcassets in Resources */ = {isa = PBXBuildFile; fileRef = D26869BE1AC1F53C0047FCED /* Images.xcassets */; };
		D26869C21AC1F53C0047FCED /* LaunchScreen.xib in Resources */ = {isa = PBXBuildFile; fileRef = D26869C01AC1F53C0047FCED /* LaunchScreen.xib */; };
		D26869CE1AC1F53C0047FCED /* TaskitTests.swift in Sources */ = {isa = PBXBuildFile; fileRef = D26869CD1AC1F53C0047FCED /* TaskitTests.swift */; };
/* End PBXBuildFile section */

/* Begin PBXContainerItemProxy section */
		D26869C81AC1F53C0047FCED /* PBXContainerItemProxy */ = {
			isa = PBXContainerItemProxy;
			containerPortal = D26869AA1AC1F53C0047FCED /* Project object */;
			proxyType = 1;
			remoteGlobalIDString = D26869B11AC1F53C0047FCED;
			remoteInfo = Taskit;
		};
/* End PBXContainerItemProxy section */

/* Begin PBXFileReference section */
		D26869B21AC1F53C0047FCED /* Taskit.app */ = {isa = PBXFileReference; explicitFileType = wrapper.application; includeInIndex = 0; path = Taskit.app; sourceTree = BUILT_PRODUCTS_DIR; };
		D26869B61AC1F53C0047FCED /* Info.plist */ = {isa = PBXFileReference; lastKnownFileType = text.plist.xml; path = Info.plist; sourceTree = "<group>"; };
		D26869B71AC1F53C0047FCED /* AppDelegate.swift */ = {isa = PBXFileReference; lastKnownFileType = sourcecode.swift; path = AppDelegate.swift; sourceTree = "<group>"; };
		D26869B91AC1F53C0047FCED /* ViewController.swift */ = {isa = PBXFileReference; lastKnownFileType = sourcecode.swift; path = ViewController.swift; sourceTree = "<group>"; };
		D26869BC1AC1F53C0047FCED /* Base */ = {isa = PBXFileReference; lastKnownFileType = file.storyboard; name = Base; path = Base.lproj/Main.storyboard; sourceTree = "<group>"; };
		D26869BE1AC1F53C0047FCED /* Images.xcassets */ = {isa = PBXFileReference; lastKnownFileType = folder.assetcatalog; path = Images.xcassets; sourceTree = "<group>"; };
		D26869C11AC1F53C0047FCED /* Base */ = {isa = PBXFileReference; lastKnownFileType = file.xib; name = Base; path = Base.lproj/LaunchScreen.xib; sourceTree = "<group>"; };
		D26869C71AC1F53C0047FCED /* TaskitTests.xctest */ = {isa = PBXFileReference; explicitFileType = wrapper.cfbundle; includeInIndex = 0; path = TaskitTests.xctest; sourceTree = BUILT_PRODUCTS_DIR; };
		D26869CC1AC1F53C0047FCED /* Info.plist */ = {isa = PBXFileReference; lastKnownFileType = text.plist.xml; path = Info.plist; sourceTree = "<group>"; };
		D26869CD1AC1F53C0047FCED /* TaskitTests.swift */ = {isa = PBXFileReference; lastKnownFileType = sourcecode.swift; path = TaskitTests.swift; sourceTree = "<group>"; };
/* End PBXFileReference section */

/* Begin PBXFrameworksBuildPhase section */
		D26869AF1AC1F53C0047FCED /* Frameworks */ = {
			isa = PBXFrameworksBuildPhase;
			buildActionMask = 2147483647;
			files = (
			);
			runOnlyForDeploymentPostprocessing = 0;
		};
		D26869C41AC1F53C0047FCED /* Frameworks */ = {
			isa = PBXFrameworksBuildPhase;
			buildActionMask = 2147483647;
			files = (
			);
			runOnlyForDeploymentPostprocessing = 0;
		};
/* End PBXFrameworksBuildPhase section */

/* Begin PBXGroup section */
		D26869A91AC1F53C0047FCED = {
			isa = PBXGroup;
			children = (
				D26869B41AC1F53C0047FCED /* Taskit */,
				D26869CA1AC1F53C0047FCED /* TaskitTests */,
				D26869B31AC1F53C0047FCED /* Products */,
			);
			sourceTree = "<group>";
		};
		D26869B31AC1F53C0047FCED /* Products */ = {
			isa = PBXGroup;
			children = (
				D26869B21AC1F53C0047FCED /* Taskit.app */,
				D26869C71AC1F53C0047FCED /* TaskitTests.xctest */,
			);
			name = Products;
			sourceTree = "<group>";
		};
		D26869B41AC1F53C0047FCED /* Taskit */ = {
			isa = PBXGroup;
			children = (
				D26869B71AC1F53C0047FCED /* AppDelegate.swift */,
				D26869B91AC1F53C0047FCED /* ViewController.swift */,
				D26869BB1AC1F53C0047FCED /* Main.storyboard */,
				D26869BE1AC1F53C0047FCED /* Images.xcassets */,
				D26869C01AC1F53C0047FCED /* LaunchScreen.xib */,
				D26869B51AC1F53C0047FCED /* Supporting Files */,
			);
			path = Taskit;
			sourceTree = "<group>";
		};
		D26869B51AC1F53C0047FCED /* Supporting Files */ = {
			isa = PBXGroup;
			children = (
				D26869B61AC1F53C0047FCED /* Info.plist */,
			);
			name = "Supporting Files";
			sourceTree = "<group>";
		};
		D26869CA1AC1F53C0047FCED /* TaskitTests */ = {
			isa = PBXGroup;
			children = (
				D26869CD1AC1F53C0047FCED /* TaskitTests.swift */,
				D26869CB1AC1F53C0047FCED /* Supporting Files */,
			);
			path = TaskitTests;
			sourceTree = "<group>";
		};
		D26869CB1AC1F53C0047FCED /* Supporting Files */ = {
			isa = PBXGroup;
			children = (
				D26869CC1AC1F53C0047FCED /* Info.plist */,
			);
			name = "Supporting Files";
			sourceTree = "<group>";
		};
/* End PBXGroup section */

/* Begin PBXNativeTarget section */
		D26869B11AC1F53C0047FCED /* Taskit */ = {
			isa = PBXNativeTarget;
			buildConfigurationList = D26869D11AC1F53C0047FCED /* Build configuration list for PBXNativeTarget "Taskit" */;
			buildPhases = (
				D26869AE1AC1F53C0047FCED /* Sources */,
				D26869AF1AC1F53C0047FCED /* Frameworks */,
				D26869B01AC1F53C0047FCED /* Resources */,
			);
			buildRules = (
			);
			dependencies = (
			);
			name = Taskit;
			productName = Taskit;
			productReference = D26869B21AC1F53C0047FCED /* Taskit.app */;
			productType = "com.apple.product-type.application";
		};
		D26869C61AC1F53C0047FCED /* TaskitTests */ = {
			isa = PBXNativeTarget;
			buildConfigurationList = D26869D41AC1F53C0047FCED /* Build configuration list for PBXNativeTarget "TaskitTests" */;
			buildPhases = (
				D26869C31AC1F53C0047FCED /* Sources */,
				D26869C41AC1F53C0047FCED /* Frameworks */,
				D26869C51AC1F53C0047FCED /* Resources */,
			);
			buildRules = (
			);
			dependencies = (
				D26869C91AC1F53C0047FCED /* PBXTargetDependency */,
			);
			name = TaskitTests;
			productName = TaskitTests;
			productReference = D26869C71AC1F53C0047FCED /* TaskitTests.xctest */;
			productType = "com.apple.product-type.bundle.unit-test";
		};
/* End PBXNativeTarget section */

/* Begin PBXProject section */
		D26869AA1AC1F53C0047FCED /* Project object */ = {
			isa = PBXProject;
			attributes = {
				LastUpgradeCheck = 0630;
				ORGANIZATIONNAME = "Sónia Rosa";
				TargetAttributes = {
					D26869B11AC1F53C0047FCED = {
						CreatedOnToolsVersion = 6.3;
					};
					D26869C61AC1F53C0047FCED = {
						CreatedOnToolsVersion = 6.3;
						TestTargetID = D26869B11AC1F53C0047FCED;
					};
				};
			};
			buildConfigurationList = D26869AD1AC1F53C0047FCED /* Build configuration list for PBXProject "Taskit" */;
			compatibilityVersion = "Xcode 3.2";
			developmentRegion = English;
			hasScannedForEncodings = 0;
			knownRegions = (
				en,
				Base,
			);
			mainGroup = D26869A91AC1F53C0047FCED;
			productRefGroup = D26869B31AC1F53C0047FCED /* Products */;
			projectDirPath = "";
			projectRoot = "";
			targets = (
				D26869B11AC1F53C0047FCED /* Taskit */,
				D26869C61AC1F53C0047FCED /* TaskitTests */,
			);
		};
/* End PBXProject section */

/* Begin PBXResourcesBuildPhase section */
		D26869B01AC1F53C0047FCED /* Resources */ = {
			isa = PBXResourcesBuildPhase;
			buildActionMask = 2147483647;
			files = (
				D26869BD1AC1F53C0047FCED /* Main.storyboard in Resources */,
				D26869C21AC1F53C0047FCED /* LaunchScreen.xib in Resources */,
				D26869BF1AC1F53C0047FCED /* Images.xcassets in Resources */,
			);
			runOnlyForDeploymentPostprocessing = 0;
		};
		D26869C51AC1F53C0047FCED /* Resources */ = {
			isa = PBXResourcesBuildPhase;
			buildActionMask = 2147483647;
			files = (
			);
			runOnlyForDeploymentPostprocessing = 0;
		};
/* End PBXResourcesBuildPhase section */

/* Begin PBXSourcesBuildPhase section */
		D26869AE1AC1F53C0047FCED /* Sources */ = {
			isa = PBXSourcesBuildPhase;
			buildActionMask = 2147483647;
			files = (
				D26869BA1AC1F53C0047FCED /* ViewController.swift in Sources */,
				D26869B81AC1F53C0047FCED /* AppDelegate.swift in Sources */,
			);
			runOnlyForDeploymentPostprocessing = 0;
		};
		D26869C31AC1F53C0047FCED /* Sources */ = {
			isa = PBXSourcesBuildPhase;
			buildActionMask = 2147483647;
			files = (
				D26869CE1AC1F53C0047FCED /* TaskitTests.swift in Sources */,
			);
			runOnlyForDeploymentPostprocessing = 0;
		};
/* End PBXSourcesBuildPhase section */

/* Begin PBXTargetDependency section */
		D26869C91AC1F53C0047FCED /* PBXTargetDependency */ = {
			isa = PBXTargetDependency;
			target = D26869B11AC1F53C0047FCED /* Taskit */;
			targetProxy = D26869C81AC1F53C0047FCED /* PBXContainerItemProxy */;
		};
/* End PBXTargetDependency section */

/* Begin PBXVariantGroup section */
		D26869BB1AC1F53C0047FCED /* Main.storyboard */ = {
			isa = PBXVariantGroup;
			children = (
				D26869BC1AC1F53C0047FCED /* Base */,
			);
			name = Main.storyboard;
			sourceTree = "<group>";
		};
		D26869C01AC1F53C0047FCED /* LaunchScreen.xib */ = {
			isa = PBXVariantGroup;
			children = (
				D26869C11AC1F53C0047FCED /* Base */,
			);
			name = LaunchScreen.xib;
			sourceTree = "<group>";
		};
/* End PBXVariantGroup section */

/* Begin XCBuildConfiguration section */
		D26869CF1AC1F53C0047FCED /* Debug */ = {
			isa = XCBuildConfiguration;
			buildSettings = {
				ALWAYS_SEARCH_USER_PATHS = NO;
				CLANG_CXX_LANGUAGE_STANDARD = "gnu++0x";
				CLANG_CXX_LIBRARY = "libc++";
				CLANG_ENABLE_MODULES = YES;
				CLANG_ENABLE_OBJC_ARC = YES;
				CLANG_WARN_BOOL_CONVERSION = YES;
				CLANG_WARN_CONSTANT_CONVERSION = YES;
				CLANG_WARN_DIRECT_OBJC_ISA_USAGE = YES_ERROR;
				CLANG_WARN_EMPTY_BODY = YES;
				CLANG_WARN_ENUM_CONVERSION = YES;
				CLANG_WARN_INT_CONVERSION = YES;
				CLANG_WARN_OBJC_ROOT_CLASS = YES_ERROR;
				CLANG_WARN_UNREACHABLE_CODE = YES;
				CLANG_WARN__DUPLICATE_METHOD_MATCH = YES;
				"CODE_SIGN_IDENTITY[sdk=iphoneos*]" = "iPhone Developer";
				COPY_PHASE_STRIP = NO;
				DEBUG_INFORMATION_FORMAT = dwarf;
				ENABLE_STRICT_OBJC_MSGSEND = YES;
				GCC_C_LANGUAGE_STANDARD = gnu99;
				GCC_DYNAMIC_NO_PIC = NO;
				GCC_NO_COMMON_BLOCKS = YES;
				GCC_OPTIMIZATION_LEVEL = 0;
				GCC_PREPROCESSOR_DEFINITIONS = (
					"DEBUG=1",
					"$(inherited)",
				);
				GCC_SYMBOLS_PRIVATE_EXTERN = NO;
				GCC_WARN_64_TO_32_BIT_CONVERSION = YES;
				GCC_WARN_ABOUT_RETURN_TYPE = YES_ERROR;
				GCC_WARN_UNDECLARED_SELECTOR = YES;
				GCC_WARN_UNINITIALIZED_AUTOS = YES_AGGRESSIVE;
				GCC_WARN_UNUSED_FUNCTION = YES;
				GCC_WARN_UNUSED_VARIABLE = YES;
				IPHONEOS_DEPLOYMENT_TARGET = 8.3;
				MTL_ENABLE_DEBUG_INFO = YES;
				ONLY_ACTIVE_ARCH = YES;
				SDKROOT = iphoneos;
				SWIFT_OPTIMIZATION_LEVEL = "-Onone";
				TARGETED_DEVICE_FAMILY = "1,2";
			};
			name = Debug;
		};
		D26869D01AC1F53C0047FCED /* Release */ = {
			isa = XCBuildConfiguration;
			buildSettings = {
				ALWAYS_SEARCH_USER_PATHS = NO;
				CLANG_CXX_LANGUAGE_STANDARD = "gnu++0x";
				CLANG_CXX_LIBRARY = "libc++";
				CLANG_ENABLE_MODULES = YES;
				CLANG_ENABLE_OBJC_ARC = YES;
				CLANG_WARN_BOOL_CONVERSION = YES;
				CLANG_WARN_CONSTANT_CONVERSION = YES;
				CLANG_WARN_DIRECT_OBJC_ISA_USAGE = YES_ERROR;
				CLANG_WARN_EMPTY_BODY = YES;
				CLANG_WARN_ENUM_CONVERSION = YES;
				CLANG_WARN_INT_CONVERSION = YES;
				CLANG_WARN_OBJC_ROOT_CLASS = YES_ERROR;
				CLANG_WARN_UNREACHABLE_CODE = YES;
				CLANG_WARN__DUPLICATE_METHOD_MATCH = YES;
				"CODE_SIGN_IDENTITY[sdk=iphoneos*]" = "iPhone Developer";
				COPY_PHASE_STRIP = NO;
				DEBUG_INFORMATION_FORMAT = "dwarf-with-dsym";
				ENABLE_NS_ASSERTIONS = NO;
				ENABLE_STRICT_OBJC_MSGSEND = YES;
				GCC_C_LANGUAGE_STANDARD = gnu99;
				GCC_NO_COMMON_BLOCKS = YES;
				GCC_WARN_64_TO_32_BIT_CONVERSION = YES;
				GCC_WARN_ABOUT_RETURN_TYPE = YES_ERROR;
				GCC_WARN_UNDECLARED_SELECTOR = YES;
				GCC_WARN_UNINITIALIZED_AUTOS = YES_AGGRESSIVE;
				GCC_WARN_UNUSED_FUNCTION = YES;
				GCC_WARN_UNUSED_VARIABLE = YES;
				IPHONEOS_DEPLOYMENT_TARGET = 8.3;
				MTL_ENABLE_DEBUG_INFO = NO;
				SDKROOT = iphoneos;
				TARGETED_DEVICE_FAMILY = "1,2";
				VALIDATE_PRODUCT = YES;
			};
			name = Release;
		};
		D26869D21AC1F53C0047FCED /* Debug */ = {
			isa = XCBuildConfiguration;
			buildSettings = {
				ASSETCATALOG_COMPILER_APPICON_NAME = AppIcon;
				INFOPLIST_FILE = Taskit/Info.plist;
				LD_RUNPATH_SEARCH_PATHS = "$(inherited) @executable_path/Frameworks";
				PRODUCT_NAME = "$(TARGET_NAME)";
			};
			name = Debug;
		};
		D26869D31AC1F53C0047FCED /* Release */ = {
			isa = XCBuildConfiguration;
			buildSettings = {
				ASSETCATALOG_COMPILER_APPICON_NAME = AppIcon;
				INFOPLIST_FILE = Taskit/Info.plist;
				LD_RUNPATH_SEARCH_PATHS = "$(inherited) @executable_path/Frameworks";
				PRODUCT_NAME = "$(TARGET_NAME)";
			};
			name = Release;
		};
		D26869D51AC1F53C0047FCED /* Debug */ = {
			isa = XCBuildConfiguration;
			buildSettings = {
				BUNDLE_LOADER = "$(TEST_HOST)";
				FRAMEWORK_SEARCH_PATHS = (
					"$(SDKROOT)/Developer/Library/Frameworks",
					"$(inherited)",
				);
				GCC_PREPROCESSOR_DEFINITIONS = (
					"DEBUG=1",
					"$(inherited)",
				);
				INFOPLIST_FILE = TaskitTests/Info.plist;
				LD_RUNPATH_SEARCH_PATHS = "$(inherited) @executable_path/Frameworks @loader_path/Frameworks";
				PRODUCT_NAME = "$(TARGET_NAME)";
				TEST_HOST = "$(BUILT_PRODUCTS_DIR)/Taskit.app/Taskit";
			};
			name = Debug;
		};
		D26869D61AC1F53C0047FCED /* Release */ = {
			isa = XCBuildConfiguration;
			buildSettings = {
				BUNDLE_LOADER = "$(TEST_HOST)";
				FRAMEWORK_SEARCH_PATHS = (
					"$(SDKROOT)/Developer/Library/Frameworks",
					"$(inherited)",
				);
				INFOPLIST_FILE = TaskitTests/Info.plist;
				LD_RUNPATH_SEARCH_PATHS = "$(inherited) @executable_path/Frameworks @loader_path/Frameworks";
				PRODUCT_NAME = "$(TARGET_NAME)";
				TEST_HOST = "$(BUILT_PRODUCTS_DIR)/Taskit.app/Taskit";
			};
			name = Release;
		};
/* End XCBuildConfiguration section */

/* Begin XCConfigurationList section */
		D26869AD1AC1F53C0047FCED /* Build configuration list for PBXProject "Taskit" */ = {
			isa = XCConfigurationList;
			buildConfigurations = (
				D26869CF1AC1F53C0047FCED /* Debug */,
				D26869D01AC1F53C0047FCED /* Release */,
			);
			defaultConfigurationIsVisible = 0;
			defaultConfigurationName = Release;
		};
		D26869D11AC1F53C0047FCED /* Build configuration list for PBXNativeTarget "Taskit" */ = {
			isa = XCConfigurationList;
			buildConfigurations = (
				D26869D21AC1F53C0047FCED /* Debug */,
				D26869D31AC1F53C0047FCED /* Release */,
			);
			defaultConfigurationIsVisible = 0;
		};
		D26869D41AC1F53C0047FCED /* Build configuration list for PBXNativeTarget "TaskitTests" */ = {
			isa = XCConfigurationList;
			buildConfigurations = (
				D26869D51AC1F53C0047FCED /* Debug */,
				D26869D61AC1F53C0047FCED /* Release */,
			);
			defaultConfigurationIsVisible = 0;
		};
/* End XCConfigurationList section */
	};
	rootObject = D26869AA1AC1F53C0047FCED /* Project object */;
}
